// !$*UTF8*$!
{
	archiveVersion = 1;
	classes = {
	};
	objectVersion = 56;
	objects = {

/* Begin PBXBuildFile section */
		A7EAC59B2E2690AE006FF0EC /* ScoreKeeperApp.swift in Sources */ = {isa = PBXBuildFile; fileRef = A7EAC59A2E2690AE006FF0EC /* ScoreKeeperApp.swift */; };
		A7EAC59D2E2690AE006FF0EC /* ContentView.swift in Sources */ = {isa = PBXBuildFile; fileRef = A7EAC59C2E2690AE006FF0EC /* ContentView.swift */; };
		A7EAC59F2E2690B0006FF0EC /* Assets.xcassets in Resources */ = {isa = PBXBuildFile; fileRef = A7EAC59E2E2690B0006FF0EC /* Assets.xcassets */; };
		A7EAC5A22E2690B0006FF0EC /* Preview Assets.xcassets in Resources */ = {isa = PBXBuildFile; fileRef = A7EAC5A12E2690B0006FF0EC /* Preview Assets.xcassets */; };
		A7EAC5AC2E2690B1006FF0EC /* ScoreKeeperTests.swift in Sources */ = {isa = PBXBuildFile; fileRef = A7EAC5AB2E2690B1006FF0EC /* ScoreKeeperTests.swift */; };
		A7EAC5B62E2690B1006FF0EC /* ScoreKeeperUITests.swift in Sources */ = {isa = PBXBuildFile; fileRef = A7EAC5B52E2690B1006FF0EC /* ScoreKeeperUITests.swift */; };
		A7EAC5B82E2690B1006FF0EC /* ScoreKeeperUITestsLaunchTests.swift in Sources */ = {isa = PBXBuildFile; fileRef = A7EAC5B72E2690B1006FF0EC /* ScoreKeeperUITestsLaunchTests.swift */; };
		A7EAC5C52E2694A6006FF0EC /* Player.swift in Sources */ = {isa = PBXBuildFile; fileRef = A7EAC5C42E2694A6006FF0EC /* Player.swift */; };
/* End PBXBuildFile section */

/* Begin PBXContainerItemProxy section */
		A7EAC5A82E2690B1006FF0EC /* PBXContainerItemProxy */ = {
			isa = PBXContainerItemProxy;
			containerPortal = A7EAC58F2E2690AE006FF0EC /* Project object */;
			proxyType = 1;
			remoteGlobalIDString = A7EAC5962E2690AE006FF0EC;
			remoteInfo = ScoreKeeper;
		};
		A7EAC5B22E2690B1006FF0EC /* PBXContainerItemProxy */ = {
			isa = PBXContainerItemProxy;
			containerPortal = A7EAC58F2E2690AE006FF0EC /* Project object */;
			proxyType = 1;
			remoteGlobalIDString = A7EAC5962E2690AE006FF0EC;
			remoteInfo = ScoreKeeper;
		};
/* End PBXContainerItemProxy section */

/* Begin PBXFileReference section */
		A7EAC5972E2690AE006FF0EC /* ScoreKeeper.app */ = {isa = PBXFileReference; explicitFileType = wrapper.application; includeInIndex = 0; path = ScoreKeeper.app; sourceTree = BUILT_PRODUCTS_DIR; };
		A7EAC59A2E2690AE006FF0EC /* ScoreKeeperApp.swift */ = {isa = PBXFileReference; lastKnownFileType = sourcecode.swift; path = ScoreKeeperApp.swift; sourceTree = "<group>"; };
		A7EAC59C2E2690AE006FF0EC /* ContentView.swift */ = {isa = PBXFileReference; lastKnownFileType = sourcecode.swift; path = ContentView.swift; sourceTree = "<group>"; };
		A7EAC59E2E2690B0006FF0EC /* Assets.xcassets */ = {isa = PBXFileReference; lastKnownFileType = folder.assetcatalog; path = Assets.xcassets; sourceTree = "<group>"; };
		A7EAC5A12E2690B0006FF0EC /* Preview Assets.xcassets */ = {isa = PBXFileReference; lastKnownFileType = folder.assetcatalog; path = "Preview Assets.xcassets"; sourceTree = "<group>"; };
		A7EAC5A72E2690B1006FF0EC /* ScoreKeeperTests.xctest */ = {isa = PBXFileReference; explicitFileType = wrapper.cfbundle; includeInIndex = 0; path = ScoreKeeperTests.xctest; sourceTree = BUILT_PRODUCTS_DIR; };
		A7EAC5AB2E2690B1006FF0EC /* ScoreKeeperTests.swift */ = {isa = PBXFileReference; lastKnownFileType = sourcecode.swift; path = ScoreKeeperTests.swift; sourceTree = "<group>"; };
		A7EAC5B12E2690B1006FF0EC /* ScoreKeeperUITests.xctest */ = {isa = PBXFileReference; explicitFileType = wrapper.cfbundle; includeInIndex = 0; path = ScoreKeeperUITests.xctest; sourceTree = BUILT_PRODUCTS_DIR; };
		A7EAC5B52E2690B1006FF0EC /* ScoreKeeperUITests.swift */ = {isa = PBXFileReference; lastKnownFileType = sourcecode.swift; path = ScoreKeeperUITests.swift; sourceTree = "<group>"; };
		A7EAC5B72E2690B1006FF0EC /* ScoreKeeperUITestsLaunchTests.swift */ = {isa = PBXFileReference; lastKnownFileType = sourcecode.swift; path = ScoreKeeperUITestsLaunchTests.swift; sourceTree = "<group>"; };
		A7EAC5C42E2694A6006FF0EC /* Player.swift */ = {isa = PBXFileReference; lastKnownFileType = sourcecode.swift; path = Player.swift; sourceTree = "<group>"; };
/* End PBXFileReference section */

/* Begin PBXFrameworksBuildPhase section */
		A7EAC5942E2690AE006FF0EC /* Frameworks */ = {
			isa = PBXFrameworksBuildPhase;
			buildActionMask = 2147483647;
			files = (
			);
			runOnlyForDeploymentPostprocessing = 0;
		};
		A7EAC5A42E2690B1006FF0EC /* Frameworks */ = {
			isa = PBXFrameworksBuildPhase;
			buildActionMask = 2147483647;
			files = (
			);
			runOnlyForDeploymentPostprocessing = 0;
		};
		A7EAC5AE2E2690B1006FF0EC /* Frameworks */ = {
			isa = PBXFrameworksBuildPhase;
			buildActionMask = 2147483647;
			files = (
			);
			runOnlyForDeploymentPostprocessing = 0;
		};
/* End PBXFrameworksBuildPhase section */

/* Begin PBXGroup section */
		A7EAC58E2E2690AE006FF0EC = {
			isa = PBXGroup;
			children = (
				A7EAC5992E2690AE006FF0EC /* ScoreKeeper */,
				A7EAC5AA2E2690B1006FF0EC /* ScoreKeeperTests */,
				A7EAC5B42E2690B1006FF0EC /* ScoreKeeperUITests */,
				A7EAC5982E2690AE006FF0EC /* Products */,
			);
			sourceTree = "<group>";
		};
		A7EAC5982E2690AE006FF0EC /* Products */ = {
			isa = PBXGroup;
			children = (
				A7EAC5972E2690AE006FF0EC /* ScoreKeeper.app */,
				A7EAC5A72E2690B1006FF0EC /* ScoreKeeperTests.xctest */,
				A7EAC5B12E2690B1006FF0EC /* ScoreKeeperUITests.xctest */,
			);
			name = Products;
			sourceTree = "<group>";
		};
		A7EAC5992E2690AE006FF0EC /* ScoreKeeper */ = {
			isa = PBXGroup;
			children = (
				A7EAC59A2E2690AE006FF0EC /* ScoreKeeperApp.swift */,
				A7EAC59C2E2690AE006FF0EC /* ContentView.swift */,
				A7EAC5C42E2694A6006FF0EC /* Player.swift */,
				A7EAC59E2E2690B0006FF0EC /* Assets.xcassets */,
				A7EAC5A02E2690B0006FF0EC /* Preview Content */,
			);
			path = ScoreKeeper;
			sourceTree = "<group>";
		};
		A7EAC5A02E2690B0006FF0EC /* Preview Content */ = {
			isa = PBXGroup;
			children = (
				A7EAC5A12E2690B0006FF0EC /* Preview Assets.xcassets */,
			);
			path = "Preview Content";
			sourceTree = "<group>";
		};
		A7EAC5AA2E2690B1006FF0EC /* ScoreKeeperTests */ = {
			isa = PBXGroup;
			children = (
				A7EAC5AB2E2690B1006FF0EC /* ScoreKeeperTests.swift */,
			);
			path = ScoreKeeperTests;
			sourceTree = "<group>";
		};
		A7EAC5B42E2690B1006FF0EC /* ScoreKeeperUITests */ = {
			isa = PBXGroup;
			children = (
				A7EAC5B52E2690B1006FF0EC /* ScoreKeeperUITests.swift */,
				A7EAC5B72E2690B1006FF0EC /* ScoreKeeperUITestsLaunchTests.swift */,
			);
			path = ScoreKeeperUITests;
			sourceTree = "<group>";
		};
/* End PBXGroup section */

/* Begin PBXNativeTarget section */
		A7EAC5962E2690AE006FF0EC /* ScoreKeeper */ = {
			isa = PBXNativeTarget;
			buildConfigurationList = A7EAC5BB2E2690B1006FF0EC /* Build configuration list for PBXNativeTarget "ScoreKeeper" */;
			buildPhases = (
				A7EAC5932E2690AE006FF0EC /* Sources */,
				A7EAC5942E2690AE006FF0EC /* Frameworks */,
				A7EAC5952E2690AE006FF0EC /* Resources */,
			);
			buildRules = (
			);
			dependencies = (
			);
			name = ScoreKeeper;
			productName = ScoreKeeper;
			productReference = A7EAC5972E2690AE006FF0EC /* ScoreKeeper.app */;
			productType = "com.apple.product-type.application";
		};
		A7EAC5A62E2690B1006FF0EC /* ScoreKeeperTests */ = {
			isa = PBXNativeTarget;
			buildConfigurationList = A7EAC5BE2E2690B1006FF0EC /* Build configuration list for PBXNativeTarget "ScoreKeeperTests" */;
			buildPhases = (
				A7EAC5A32E2690B1006FF0EC /* Sources */,
				A7EAC5A42E2690B1006FF0EC /* Frameworks */,
				A7EAC5A52E2690B1006FF0EC /* Resources */,
			);
			buildRules = (
			);
			dependencies = (
				A7EAC5A92E2690B1006FF0EC /* PBXTargetDependency */,
			);
			name = ScoreKeeperTests;
			productName = ScoreKeeperTests;
			productReference = A7EAC5A72E2690B1006FF0EC /* ScoreKeeperTests.xctest */;
			productType = "com.apple.product-type.bundle.unit-test";
		};
		A7EAC5B02E2690B1006FF0EC /* ScoreKeeperUITests */ = {
			isa = PBXNativeTarget;
			buildConfigurationList = A7EAC5C12E2690B1006FF0EC /* Build configuration list for PBXNativeTarget "ScoreKeeperUITests" */;
			buildPhases = (
				A7EAC5AD2E2690B1006FF0EC /* Sources */,
				A7EAC5AE2E2690B1006FF0EC /* Frameworks */,
				A7EAC5AF2E2690B1006FF0EC /* Resources */,
			);
			buildRules = (
			);
			dependencies = (
				A7EAC5B32E2690B1006FF0EC /* PBXTargetDependency */,
			);
			name = ScoreKeeperUITests;
			productName = ScoreKeeperUITests;
			productReference = A7EAC5B12E2690B1006FF0EC /* ScoreKeeperUITests.xctest */;
			productType = "com.apple.product-type.bundle.ui-testing";
		};
/* End PBXNativeTarget section */

/* Begin PBXProject section */
		A7EAC58F2E2690AE006FF0EC /* Project object */ = {
			isa = PBXProject;
			attributes = {
				BuildIndependentTargetsInParallel = 1;
				LastSwiftUpdateCheck = 1540;
				LastUpgradeCheck = 1540;
				TargetAttributes = {
					A7EAC5962E2690AE006FF0EC = {
						CreatedOnToolsVersion = 15.4;
					};
					A7EAC5A62E2690B1006FF0EC = {
						CreatedOnToolsVersion = 15.4;
						TestTargetID = A7EAC5962E2690AE006FF0EC;
					};
					A7EAC5B02E2690B1006FF0EC = {
						CreatedOnToolsVersion = 15.4;
						TestTargetID = A7EAC5962E2690AE006FF0EC;
					};
				};
			};
			buildConfigurationList = A7EAC5922E2690AE006FF0EC /* Build configuration list for PBXProject "ScoreKeeper" */;
			compatibilityVersion = "Xcode 14.0";
			developmentRegion = en;
			hasScannedForEncodings = 0;
			knownRegions = (
				en,
				Base,
			);
			mainGroup = A7EAC58E2E2690AE006FF0EC;
			productRefGroup = A7EAC5982E2690AE006FF0EC /* Products */;
			projectDirPath = "";
			projectRoot = "";
			targets = (
				A7EAC5962E2690AE006FF0EC /* ScoreKeeper */,
				A7EAC5A62E2690B1006FF0EC /* ScoreKeeperTests */,
				A7EAC5B02E2690B1006FF0EC /* ScoreKeeperUITests */,
			);
		};
/* End PBXProject section */

/* Begin PBXResourcesBuildPhase section */
		A7EAC5952E2690AE006FF0EC /* Resources */ = {
			isa = PBXResourcesBuildPhase;
			buildActionMask = 2147483647;
			files = (
				A7EAC5A22E2690B0006FF0EC /* Preview Assets.xcassets in Resources */,
				A7EAC59F2E2690B0006FF0EC /* Assets.xcassets in Resources */,
			);
			runOnlyForDeploymentPostprocessing = 0;
		};
		A7EAC5A52E2690B1006FF0EC /* Resources */ = {
			isa = PBXResourcesBuildPhase;
			buildActionMask = 2147483647;
			files = (
			);
			runOnlyForDeploymentPostprocessing = 0;
		};
		A7EAC5AF2E2690B1006FF0EC /* Resources */ = {
			isa = PBXResourcesBuildPhase;
			buildActionMask = 2147483647;
			files = (
			);
			runOnlyForDeploymentPostprocessing = 0;
		};
/* End PBXResourcesBuildPhase section */

/* Begin PBXSourcesBuildPhase section */
		A7EAC5932E2690AE006FF0EC /* Sources */ = {
			isa = PBXSourcesBuildPhase;
			buildActionMask = 2147483647;
			files = (
				A7EAC59D2E2690AE006FF0EC /* ContentView.swift in Sources */,
				A7EAC5C52E2694A6006FF0EC /* Player.swift in Sources */,
				A7EAC59B2E2690AE006FF0EC /* ScoreKeeperApp.swift in Sources */,
			);
			runOnlyForDeploymentPostprocessing = 0;
		};
		A7EAC5A32E2690B1006FF0EC /* Sources */ = {
			isa = PBXSourcesBuildPhase;
			buildActionMask = 2147483647;
			files = (
				A7EAC5AC2E2690B1006FF0EC /* ScoreKeeperTests.swift in Sources */,
			);
			runOnlyForDeploymentPostprocessing = 0;
		};
		A7EAC5AD2E2690B1006FF0EC /* Sources */ = {
			isa = PBXSourcesBuildPhase;
			buildActionMask = 2147483647;
			files = (
				A7EAC5B62E2690B1006FF0EC /* ScoreKeeperUITests.swift in Sources */,
				A7EAC5B82E2690B1006FF0EC /* ScoreKeeperUITestsLaunchTests.swift in Sources */,
			);
			runOnlyForDeploymentPostprocessing = 0;
		};
/* End PBXSourcesBuildPhase section */

/* Begin PBXTargetDependency section */
		A7EAC5A92E2690B1006FF0EC /* PBXTargetDependency */ = {
			isa = PBXTargetDependency;
			target = A7EAC5962E2690AE006FF0EC /* ScoreKeeper */;
			targetProxy = A7EAC5A82E2690B1006FF0EC /* PBXContainerItemProxy */;
		};
		A7EAC5B32E2690B1006FF0EC /* PBXTargetDependency */ = {
			isa = PBXTargetDependency;
			target = A7EAC5962E2690AE006FF0EC /* ScoreKeeper */;
			targetProxy = A7EAC5B22E2690B1006FF0EC /* PBXContainerItemProxy */;
		};
/* End PBXTargetDependency section */

/* Begin XCBuildConfiguration section */
		A7EAC5B92E2690B1006FF0EC /* Debug */ = {
			isa = XCBuildConfiguration;
			buildSettings = {
				ALWAYS_SEARCH_USER_PATHS = NO;
				ASSETCATALOG_COMPILER_GENERATE_SWIFT_ASSET_SYMBOL_EXTENSIONS = YES;
				CLANG_ANALYZER_NONNULL = YES;
				CLANG_ANALYZER_NUMBER_OBJECT_CONVERSION = YES_AGGRESSIVE;
				CLANG_CXX_LANGUAGE_STANDARD = "gnu++20";
				CLANG_ENABLE_MODULES = YES;
				CLANG_ENABLE_OBJC_ARC = YES;
				CLANG_ENABLE_OBJC_WEAK = YES;
				CLANG_WARN_BLOCK_CAPTURE_AUTORELEASING = YES;
				CLANG_WARN_BOOL_CONVERSION = YES;
				CLANG_WARN_COMMA = YES;
				CLANG_WARN_CONSTANT_CONVERSION = YES;
				CLANG_WARN_DEPRECATED_OBJC_IMPLEMENTATIONS = YES;
				CLANG_WARN_DIRECT_OBJC_ISA_USAGE = YES_ERROR;
				CLANG_WARN_DOCUMENTATION_COMMENTS = YES;
				CLANG_WARN_EMPTY_BODY = YES;
				CLANG_WARN_ENUM_CONVERSION = YES;
				CLANG_WARN_INFINITE_RECURSION = YES;
				CLANG_WARN_INT_CONVERSION = YES;
				CLANG_WARN_NON_LITERAL_NULL_CONVERSION = YES;
				CLANG_WARN_OBJC_IMPLICIT_RETAIN_SELF = YES;
				CLANG_WARN_OBJC_LITERAL_CONVERSION = YES;
				CLANG_WARN_OBJC_ROOT_CLASS = YES_ERROR;
				CLANG_WARN_QUOTED_INCLUDE_IN_FRAMEWORK_HEADER = YES;
				CLANG_WARN_RANGE_LOOP_ANALYSIS = YES;
				CLANG_WARN_STRICT_PROTOTYPES = YES;
				CLANG_WARN_SUSPICIOUS_MOVE = YES;
				CLANG_WARN_UNGUARDED_AVAILABILITY = YES_AGGRESSIVE;
				CLANG_WARN_UNREACHABLE_CODE = YES;
				CLANG_WARN__DUPLICATE_METHOD_MATCH = YES;
				COPY_PHASE_STRIP = NO;
				DEBUG_INFORMATION_FORMAT = dwarf;
				ENABLE_STRICT_OBJC_MSGSEND = YES;
				ENABLE_TESTABILITY = YES;
				ENABLE_USER_SCRIPT_SANDBOXING = YES;
				GCC_C_LANGUAGE_STANDARD = gnu17;
				GCC_DYNAMIC_NO_PIC = NO;
				GCC_NO_COMMON_BLOCKS = YES;
				GCC_OPTIMIZATION_LEVEL = 0;
				GCC_PREPROCESSOR_DEFINITIONS = (
					"DEBUG=1",
					"$(inherited)",
				);
				GCC_WARN_64_TO_32_BIT_CONVERSION = YES;
				GCC_WARN_ABOUT_RETURN_TYPE = YES_ERROR;
				GCC_WARN_UNDECLARED_SELECTOR = YES;
				GCC_WARN_UNINITIALIZED_AUTOS = YES_AGGRESSIVE;
				GCC_WARN_UNUSED_FUNCTION = YES;
				GCC_WARN_UNUSED_VARIABLE = YES;
				IPHONEOS_DEPLOYMENT_TARGET = 17.5;
				LOCALIZATION_PREFERS_STRING_CATALOGS = YES;
				MTL_ENABLE_DEBUG_INFO = INCLUDE_SOURCE;
				MTL_FAST_MATH = YES;
				ONLY_ACTIVE_ARCH = YES;
				SDKROOT = iphoneos;
				SWIFT_ACTIVE_COMPILATION_CONDITIONS = "DEBUG $(inherited)";
				SWIFT_OPTIMIZATION_LEVEL = "-Onone";
			};
			name = Debug;
		};
		A7EAC5BA2E2690B1006FF0EC /* Release */ = {
			isa = XCBuildConfiguration;
			buildSettings = {
				ALWAYS_SEARCH_USER_PATHS = NO;
				ASSETCATALOG_COMPILER_GENERATE_SWIFT_ASSET_SYMBOL_EXTENSIONS = YES;
				CLANG_ANALYZER_NONNULL = YES;
				CLANG_ANALYZER_NUMBER_OBJECT_CONVERSION = YES_AGGRESSIVE;
				CLANG_CXX_LANGUAGE_STANDARD = "gnu++20";
				CLANG_ENABLE_MODULES = YES;
				CLANG_ENABLE_OBJC_ARC = YES;
				CLANG_ENABLE_OBJC_WEAK = YES;
				CLANG_WARN_BLOCK_CAPTURE_AUTORELEASING = YES;
				CLANG_WARN_BOOL_CONVERSION = YES;
				CLANG_WARN_COMMA = YES;
				CLANG_WARN_CONSTANT_CONVERSION = YES;
				CLANG_WARN_DEPRECATED_OBJC_IMPLEMENTATIONS = YES;
				CLANG_WARN_DIRECT_OBJC_ISA_USAGE = YES_ERROR;
				CLANG_WARN_DOCUMENTATION_COMMENTS = YES;
				CLANG_WARN_EMPTY_BODY = YES;
				CLANG_WARN_ENUM_CONVERSION = YES;
				CLANG_WARN_INFINITE_RECURSION = YES;
				CLANG_WARN_INT_CONVERSION = YES;
				CLANG_WARN_NON_LITERAL_NULL_CONVERSION = YES;
				CLANG_WARN_OBJC_IMPLICIT_RETAIN_SELF = YES;
				CLANG_WARN_OBJC_LITERAL_CONVERSION = YES;
				CLANG_WARN_OBJC_ROOT_CLASS = YES_ERROR;
				CLANG_WARN_QUOTED_INCLUDE_IN_FRAMEWORK_HEADER = YES;
				CLANG_WARN_RANGE_LOOP_ANALYSIS = YES;
				CLANG_WARN_STRICT_PROTOTYPES = YES;
				CLANG_WARN_SUSPICIOUS_MOVE = YES;
				CLANG_WARN_UNGUARDED_AVAILABILITY = YES_AGGRESSIVE;
				CLANG_WARN_UNREACHABLE_CODE = YES;
				CLANG_WARN__DUPLICATE_METHOD_MATCH = YES;
				COPY_PHASE_STRIP = NO;
				DEBUG_INFORMATION_FORMAT = "dwarf-with-dsym";
				ENABLE_NS_ASSERTIONS = NO;
				ENABLE_STRICT_OBJC_MSGSEND = YES;
				ENABLE_USER_SCRIPT_SANDBOXING = YES;
				GCC_C_LANGUAGE_STANDARD = gnu17;
				GCC_NO_COMMON_BLOCKS = YES;
				GCC_WARN_64_TO_32_BIT_CONVERSION = YES;
				GCC_WARN_ABOUT_RETURN_TYPE = YES_ERROR;
				GCC_WARN_UNDECLARED_SELECTOR = YES;
				GCC_WARN_UNINITIALIZED_AUTOS = YES_AGGRESSIVE;
				GCC_WARN_UNUSED_FUNCTION = YES;
				GCC_WARN_UNUSED_VARIABLE = YES;
				IPHONEOS_DEPLOYMENT_TARGET = 17.5;
				LOCALIZATION_PREFERS_STRING_CATALOGS = YES;
				MTL_ENABLE_DEBUG_INFO = NO;
				MTL_FAST_MATH = YES;
				SDKROOT = iphoneos;
				SWIFT_COMPILATION_MODE = wholemodule;
				VALIDATE_PRODUCT = YES;
			};
			name = Release;
		};
		A7EAC5BC2E2690B1006FF0EC /* Debug */ = {
			isa = XCBuildConfiguration;
			buildSettings = {
				ASSETCATALOG_COMPILER_APPICON_NAME = AppIcon;
				ASSETCATALOG_COMPILER_GLOBAL_ACCENT_COLOR_NAME = AccentColor;
				CODE_SIGN_STYLE = Automatic;
				CURRENT_PROJECT_VERSION = 1;
				DEVELOPMENT_ASSET_PATHS = "\"ScoreKeeper/Preview Content\"";
				ENABLE_PREVIEWS = YES;
				GENERATE_INFOPLIST_FILE = YES;
				INFOPLIST_KEY_UIApplicationSceneManifest_Generation = YES;
				INFOPLIST_KEY_UIApplicationSupportsIndirectInputEvents = YES;
				INFOPLIST_KEY_UILaunchScreen_Generation = YES;
				INFOPLIST_KEY_UISupportedInterfaceOrientations_iPad = "UIInterfaceOrientationPortrait UIInterfaceOrientationPortraitUpsideDown UIInterfaceOrientationLandscapeLeft UIInterfaceOrientationLandscapeRight";
				INFOPLIST_KEY_UISupportedInterfaceOrientations_iPhone = "UIInterfaceOrientationPortrait UIInterfaceOrientationLandscapeLeft UIInterfaceOrientationLandscapeRight";
				LD_RUNPATH_SEARCH_PATHS = (
					"$(inherited)",
					"@executable_path/Frameworks",
				);
				MARKETING_VERSION = 1.0;
				PRODUCT_BUNDLE_IDENTIFIER = HarshalM.ScoreKeeper;
				PRODUCT_NAME = "$(TARGET_NAME)";
				SWIFT_EMIT_LOC_STRINGS = YES;
				SWIFT_VERSION = 5.0;
				TARGETED_DEVICE_FAMILY = "1,2";
			};
			name = Debug;
		};
		A7EAC5BD2E2690B1006FF0EC /* Release */ = {
			isa = XCBuildConfiguration;
			buildSettings = {
				ASSETCATALOG_COMPILER_APPICON_NAME = AppIcon;
				ASSETCATALOG_COMPILER_GLOBAL_ACCENT_COLOR_NAME = AccentColor;
				CODE_SIGN_STYLE = Automatic;
				CURRENT_PROJECT_VERSION = 1;
				DEVELOPMENT_ASSET_PATHS = "\"ScoreKeeper/Preview Content\"";
				ENABLE_PREVIEWS = YES;
				GENERATE_INFOPLIST_FILE = YES;
				INFOPLIST_KEY_UIApplicationSceneManifest_Generation = YES;
				INFOPLIST_KEY_UIApplicationSupportsIndirectInputEvents = YES;
				INFOPLIST_KEY_UILaunchScreen_Generation = YES;
				INFOPLIST_KEY_UISupportedInterfaceOrientations_iPad = "UIInterfaceOrientationPortrait UIInterfaceOrientationPortraitUpsideDown UIInterfaceOrientationLandscapeLeft UIInterfaceOrientationLandscapeRight";
				INFOPLIST_KEY_UISupportedInterfaceOrientations_iPhone = "UIInterfaceOrientationPortrait UIInterfaceOrientationLandscapeLeft UIInterfaceOrientationLandscapeRight";
				LD_RUNPATH_SEARCH_PATHS = (
					"$(inherited)",
					"@executable_path/Frameworks",
				);
				MARKETING_VERSION = 1.0;
				PRODUCT_BUNDLE_IDENTIFIER = HarshalM.ScoreKeeper;
				PRODUCT_NAME = "$(TARGET_NAME)";
				SWIFT_EMIT_LOC_STRINGS = YES;
				SWIFT_VERSION = 5.0;
				TARGETED_DEVICE_FAMILY = "1,2";
			};
			name = Release;
		};
		A7EAC5BF2E2690B1006FF0EC /* Debug */ = {
			isa = XCBuildConfiguration;
			buildSettings = {
				ALWAYS_EMBED_SWIFT_STANDARD_LIBRARIES = YES;
				BUNDLE_LOADER = "$(TEST_HOST)";
				CODE_SIGN_STYLE = Automatic;
				CURRENT_PROJECT_VERSION = 1;
				GENERATE_INFOPLIST_FILE = YES;
				IPHONEOS_DEPLOYMENT_TARGET = 17.5;
				MARKETING_VERSION = 1.0;
				PRODUCT_BUNDLE_IDENTIFIER = HarshalM.ScoreKeeperTests;
				PRODUCT_NAME = "$(TARGET_NAME)";
				SWIFT_EMIT_LOC_STRINGS = NO;
				SWIFT_VERSION = 5.0;
				TARGETED_DEVICE_FAMILY = "1,2";
				TEST_HOST = "$(BUILT_PRODUCTS_DIR)/ScoreKeeper.app/$(BUNDLE_EXECUTABLE_FOLDER_PATH)/ScoreKeeper";
			};
			name = Debug;
		};
		A7EAC5C02E2690B1006FF0EC /* Release */ = {
			isa = XCBuildConfiguration;
			buildSettings = {
				ALWAYS_EMBED_SWIFT_STANDARD_LIBRARIES = YES;
				BUNDLE_LOADER = "$(TEST_HOST)";
				CODE_SIGN_STYLE = Automatic;
				CURRENT_PROJECT_VERSION = 1;
				GENERATE_INFOPLIST_FILE = YES;
				IPHONEOS_DEPLOYMENT_TARGET = 17.5;
				MARKETING_VERSION = 1.0;
				PRODUCT_BUNDLE_IDENTIFIER = HarshalM.ScoreKeeperTests;
				PRODUCT_NAME = "$(TARGET_NAME)";
				SWIFT_EMIT_LOC_STRINGS = NO;
				SWIFT_VERSION = 5.0;
				TARGETED_DEVICE_FAMILY = "1,2";
				TEST_HOST = "$(BUILT_PRODUCTS_DIR)/ScoreKeeper.app/$(BUNDLE_EXECUTABLE_FOLDER_PATH)/ScoreKeeper";
			};
			name = Release;
		};
		A7EAC5C22E2690B1006FF0EC /* Debug */ = {
			isa = XCBuildConfiguration;
			buildSettings = {
				ALWAYS_EMBED_SWIFT_STANDARD_LIBRARIES = YES;
				CODE_SIGN_STYLE = Automatic;
				CURRENT_PROJECT_VERSION = 1;
				GENERATE_INFOPLIST_FILE = YES;
				MARKETING_VERSION = 1.0;
				PRODUCT_BUNDLE_IDENTIFIER = HarshalM.ScoreKeeperUITests;
				PRODUCT_NAME = "$(TARGET_NAME)";
				SWIFT_EMIT_LOC_STRINGS = NO;
				SWIFT_VERSION = 5.0;
				TARGETED_DEVICE_FAMILY = "1,2";
				TEST_TARGET_NAME = ScoreKeeper;
			};
			name = Debug;
		};
		A7EAC5C32E2690B1006FF0EC /* Release */ = {
			isa = XCBuildConfiguration;
			buildSettings = {
				ALWAYS_EMBED_SWIFT_STANDARD_LIBRARIES = YES;
				CODE_SIGN_STYLE = Automatic;
				CURRENT_PROJECT_VERSION = 1;
				GENERATE_INFOPLIST_FILE = YES;
				MARKETING_VERSION = 1.0;
				PRODUCT_BUNDLE_IDENTIFIER = HarshalM.ScoreKeeperUITests;
				PRODUCT_NAME = "$(TARGET_NAME)";
				SWIFT_EMIT_LOC_STRINGS = NO;
				SWIFT_VERSION = 5.0;
				TARGETED_DEVICE_FAMILY = "1,2";
				TEST_TARGET_NAME = ScoreKeeper;
			};
			name = Release;
		};
/* End XCBuildConfiguration section */

/* Begin XCConfigurationList section */
		A7EAC5922E2690AE006FF0EC /* Build configuration list for PBXProject "ScoreKeeper" */ = {
			isa = XCConfigurationList;
			buildConfigurations = (
				A7EAC5B92E2690B1006FF0EC /* Debug */,
				A7EAC5BA2E2690B1006FF0EC /* Release */,
			);
			defaultConfigurationIsVisible = 0;
			defaultConfigurationName = Release;
		};
		A7EAC5BB2E2690B1006FF0EC /* Build configuration list for PBXNativeTarget "ScoreKeeper" */ = {
			isa = XCConfigurationList;
			buildConfigurations = (
				A7EAC5BC2E2690B1006FF0EC /* Debug */,
				A7EAC5BD2E2690B1006FF0EC /* Release */,
			);
			defaultConfigurationIsVisible = 0;
			defaultConfigurationName = Release;
		};
		A7EAC5BE2E2690B1006FF0EC /* Build configuration list for PBXNativeTarget "ScoreKeeperTests" */ = {
			isa = XCConfigurationList;
			buildConfigurations = (
				A7EAC5BF2E2690B1006FF0EC /* Debug */,
				A7EAC5C02E2690B1006FF0EC /* Release */,
			);
			defaultConfigurationIsVisible = 0;
			defaultConfigurationName = Release;
		};
		A7EAC5C12E2690B1006FF0EC /* Build configuration list for PBXNativeTarget "ScoreKeeperUITests" */ = {
			isa = XCConfigurationList;
			buildConfigurations = (
				A7EAC5C22E2690B1006FF0EC /* Debug */,
				A7EAC5C32E2690B1006FF0EC /* Release */,
			);
			defaultConfigurationIsVisible = 0;
			defaultConfigurationName = Release;
		};
/* End XCConfigurationList section */
	};
	rootObject = A7EAC58F2E2690AE006FF0EC /* Project object */;
}
