// !$*UTF8*$!
{
	archiveVersion = 1;
	classes = {
	};
	objectVersion = 56;
	objects = {

/* Begin PBXBuildFile section */
		A7787ABA2E18100E00092491 /* WeatherForecast2App.swift in Sources */ = {isa = PBXBuildFile; fileRef = A7787AB92E18100E00092491 /* WeatherForecast2App.swift */; };
		A7787ABC2E18100E00092491 /* ContentView.swift in Sources */ = {isa = PBXBuildFile; fileRef = A7787ABB2E18100E00092491 /* ContentView.swift */; };
		A7787ABE2E18101000092491 /* Assets.xcassets in Resources */ = {isa = PBXBuildFile; fileRef = A7787ABD2E18101000092491 /* Assets.xcassets */; };
		A7787AC12E18101000092491 /* Preview Assets.xcassets in Resources */ = {isa = PBXBuildFile; fileRef = A7787AC02E18101000092491 /* Preview Assets.xcassets */; };
		A7787ACB2E18101100092491 /* WeatherForecast2Tests.swift in Sources */ = {isa = PBXBuildFile; fileRef = A7787ACA2E18101100092491 /* WeatherForecast2Tests.swift */; };
		A7787AD52E18101100092491 /* WeatherForecast2UITests.swift in Sources */ = {isa = PBXBuildFile; fileRef = A7787AD42E18101100092491 /* WeatherForecast2UITests.swift */; };
		A7787AD72E18101100092491 /* WeatherForecast2UITestsLaunchTests.swift in Sources */ = {isa = PBXBuildFile; fileRef = A7787AD62E18101100092491 /* WeatherForecast2UITestsLaunchTests.swift */; };
/* End PBXBuildFile section */

/* Begin PBXContainerItemProxy section */
		A7787AC72E18101100092491 /* PBXContainerItemProxy */ = {
			isa = PBXContainerItemProxy;
			containerPortal = A7787AAE2E18100E00092491 /* Project object */;
			proxyType = 1;
			remoteGlobalIDString = A7787AB52E18100E00092491;
			remoteInfo = WeatherForecast2;
		};
		A7787AD12E18101100092491 /* PBXContainerItemProxy */ = {
			isa = PBXContainerItemProxy;
			containerPortal = A7787AAE2E18100E00092491 /* Project object */;
			proxyType = 1;
			remoteGlobalIDString = A7787AB52E18100E00092491;
			remoteInfo = WeatherForecast2;
		};
/* End PBXContainerItemProxy section */

/* Begin PBXFileReference section */
		A7787AB62E18100E00092491 /* WeatherForecast2.app */ = {isa = PBXFileReference; explicitFileType = wrapper.application; includeInIndex = 0; path = WeatherForecast2.app; sourceTree = BUILT_PRODUCTS_DIR; };
		A7787AB92E18100E00092491 /* WeatherForecast2App.swift */ = {isa = PBXFileReference; lastKnownFileType = sourcecode.swift; path = WeatherForecast2App.swift; sourceTree = "<group>"; };
		A7787ABB2E18100E00092491 /* ContentView.swift */ = {isa = PBXFileReference; lastKnownFileType = sourcecode.swift; path = ContentView.swift; sourceTree = "<group>"; };
		A7787ABD2E18101000092491 /* Assets.xcassets */ = {isa = PBXFileReference; lastKnownFileType = folder.assetcatalog; path = Assets.xcassets; sourceTree = "<group>"; };
		A7787AC02E18101000092491 /* Preview Assets.xcassets */ = {isa = PBXFileReference; lastKnownFileType = folder.assetcatalog; path = "Preview Assets.xcassets"; sourceTree = "<group>"; };
		A7787AC62E18101100092491 /* WeatherForecast2Tests.xctest */ = {isa = PBXFileReference; explicitFileType = wrapper.cfbundle; includeInIndex = 0; path = WeatherForecast2Tests.xctest; sourceTree = BUILT_PRODUCTS_DIR; };
		A7787ACA2E18101100092491 /* WeatherForecast2Tests.swift */ = {isa = PBXFileReference; lastKnownFileType = sourcecode.swift; path = WeatherForecast2Tests.swift; sourceTree = "<group>"; };
		A7787AD02E18101100092491 /* WeatherForecast2UITests.xctest */ = {isa = PBXFileReference; explicitFileType = wrapper.cfbundle; includeInIndex = 0; path = WeatherForecast2UITests.xctest; sourceTree = BUILT_PRODUCTS_DIR; };
		A7787AD42E18101100092491 /* WeatherForecast2UITests.swift */ = {isa = PBXFileReference; lastKnownFileType = sourcecode.swift; path = WeatherForecast2UITests.swift; sourceTree = "<group>"; };
		A7787AD62E18101100092491 /* WeatherForecast2UITestsLaunchTests.swift */ = {isa = PBXFileReference; lastKnownFileType = sourcecode.swift; path = WeatherForecast2UITestsLaunchTests.swift; sourceTree = "<group>"; };
/* End PBXFileReference section */

/* Begin PBXFrameworksBuildPhase section */
		A7787AB32E18100E00092491 /* Frameworks */ = {
			isa = PBXFrameworksBuildPhase;
			buildActionMask = 2147483647;
			files = (
			);
			runOnlyForDeploymentPostprocessing = 0;
		};
		A7787AC32E18101100092491 /* Frameworks */ = {
			isa = PBXFrameworksBuildPhase;
			buildActionMask = 2147483647;
			files = (
			);
			runOnlyForDeploymentPostprocessing = 0;
		};
		A7787ACD2E18101100092491 /* Frameworks */ = {
			isa = PBXFrameworksBuildPhase;
			buildActionMask = 2147483647;
			files = (
			);
			runOnlyForDeploymentPostprocessing = 0;
		};
/* End PBXFrameworksBuildPhase section */

/* Begin PBXGroup section */
		A7787AAD2E18100E00092491 = {
			isa = PBXGroup;
			children = (
				A7787AB82E18100E00092491 /* WeatherForecast2 */,
				A7787AC92E18101100092491 /* WeatherForecast2Tests */,
				A7787AD32E18101100092491 /* WeatherForecast2UITests */,
				A7787AB72E18100E00092491 /* Products */,
			);
			sourceTree = "<group>";
		};
		A7787AB72E18100E00092491 /* Products */ = {
			isa = PBXGroup;
			children = (
				A7787AB62E18100E00092491 /* WeatherForecast2.app */,
				A7787AC62E18101100092491 /* WeatherForecast2Tests.xctest */,
				A7787AD02E18101100092491 /* WeatherForecast2UITests.xctest */,
			);
			name = Products;
			sourceTree = "<group>";
		};
		A7787AB82E18100E00092491 /* WeatherForecast2 */ = {
			isa = PBXGroup;
			children = (
				A7787AB92E18100E00092491 /* WeatherForecast2App.swift */,
				A7787ABB2E18100E00092491 /* ContentView.swift */,
				A7787ABD2E18101000092491 /* Assets.xcassets */,
				A7787ABF2E18101000092491 /* Preview Content */,
			);
			path = WeatherForecast2;
			sourceTree = "<group>";
		};
		A7787ABF2E18101000092491 /* Preview Content */ = {
			isa = PBXGroup;
			children = (
				A7787AC02E18101000092491 /* Preview Assets.xcassets */,
			);
			path = "Preview Content";
			sourceTree = "<group>";
		};
		A7787AC92E18101100092491 /* WeatherForecast2Tests */ = {
			isa = PBXGroup;
			children = (
				A7787ACA2E18101100092491 /* WeatherForecast2Tests.swift */,
			);
			path = WeatherForecast2Tests;
			sourceTree = "<group>";
		};
		A7787AD32E18101100092491 /* WeatherForecast2UITests */ = {
			isa = PBXGroup;
			children = (
				A7787AD42E18101100092491 /* WeatherForecast2UITests.swift */,
				A7787AD62E18101100092491 /* WeatherForecast2UITestsLaunchTests.swift */,
			);
			path = WeatherForecast2UITests;
			sourceTree = "<group>";
		};
/* End PBXGroup section */

/* Begin PBXNativeTarget section */
		A7787AB52E18100E00092491 /* WeatherForecast2 */ = {
			isa = PBXNativeTarget;
			buildConfigurationList = A7787ADA2E18101100092491 /* Build configuration list for PBXNativeTarget "WeatherForecast2" */;
			buildPhases = (
				A7787AB22E18100E00092491 /* Sources */,
				A7787AB32E18100E00092491 /* Frameworks */,
				A7787AB42E18100E00092491 /* Resources */,
			);
			buildRules = (
			);
			dependencies = (
			);
			name = WeatherForecast2;
			productName = WeatherForecast2;
			productReference = A7787AB62E18100E00092491 /* WeatherForecast2.app */;
			productType = "com.apple.product-type.application";
		};
		A7787AC52E18101100092491 /* WeatherForecast2Tests */ = {
			isa = PBXNativeTarget;
			buildConfigurationList = A7787ADD2E18101100092491 /* Build configuration list for PBXNativeTarget "WeatherForecast2Tests" */;
			buildPhases = (
				A7787AC22E18101100092491 /* Sources */,
				A7787AC32E18101100092491 /* Frameworks */,
				A7787AC42E18101100092491 /* Resources */,
			);
			buildRules = (
			);
			dependencies = (
				A7787AC82E18101100092491 /* PBXTargetDependency */,
			);
			name = WeatherForecast2Tests;
			productName = WeatherForecast2Tests;
			productReference = A7787AC62E18101100092491 /* WeatherForecast2Tests.xctest */;
			productType = "com.apple.product-type.bundle.unit-test";
		};
		A7787ACF2E18101100092491 /* WeatherForecast2UITests */ = {
			isa = PBXNativeTarget;
			buildConfigurationList = A7787AE02E18101100092491 /* Build configuration list for PBXNativeTarget "WeatherForecast2UITests" */;
			buildPhases = (
				A7787ACC2E18101100092491 /* Sources */,
				A7787ACD2E18101100092491 /* Frameworks */,
				A7787ACE2E18101100092491 /* Resources */,
			);
			buildRules = (
			);
			dependencies = (
				A7787AD22E18101100092491 /* PBXTargetDependency */,
			);
			name = WeatherForecast2UITests;
			productName = WeatherForecast2UITests;
			productReference = A7787AD02E18101100092491 /* WeatherForecast2UITests.xctest */;
			productType = "com.apple.product-type.bundle.ui-testing";
		};
/* End PBXNativeTarget section */

/* Begin PBXProject section */
		A7787AAE2E18100E00092491 /* Project object */ = {
			isa = PBXProject;
			attributes = {
				BuildIndependentTargetsInParallel = 1;
				LastSwiftUpdateCheck = 1540;
				LastUpgradeCheck = 1540;
				TargetAttributes = {
					A7787AB52E18100E00092491 = {
						CreatedOnToolsVersion = 15.4;
					};
					A7787AC52E18101100092491 = {
						CreatedOnToolsVersion = 15.4;
						TestTargetID = A7787AB52E18100E00092491;
					};
					A7787ACF2E18101100092491 = {
						CreatedOnToolsVersion = 15.4;
						TestTargetID = A7787AB52E18100E00092491;
					};
				};
			};
			buildConfigurationList = A7787AB12E18100E00092491 /* Build configuration list for PBXProject "WeatherForecast2" */;
			compatibilityVersion = "Xcode 14.0";
			developmentRegion = en;
			hasScannedForEncodings = 0;
			knownRegions = (
				en,
				Base,
			);
			mainGroup = A7787AAD2E18100E00092491;
			productRefGroup = A7787AB72E18100E00092491 /* Products */;
			projectDirPath = "";
			projectRoot = "";
			targets = (
				A7787AB52E18100E00092491 /* WeatherForecast2 */,
				A7787AC52E18101100092491 /* WeatherForecast2Tests */,
				A7787ACF2E18101100092491 /* WeatherForecast2UITests */,
			);
		};
/* End PBXProject section */

/* Begin PBXResourcesBuildPhase section */
		A7787AB42E18100E00092491 /* Resources */ = {
			isa = PBXResourcesBuildPhase;
			buildActionMask = 2147483647;
			files = (
				A7787AC12E18101000092491 /* Preview Assets.xcassets in Resources */,
				A7787ABE2E18101000092491 /* Assets.xcassets in Resources */,
			);
			runOnlyForDeploymentPostprocessing = 0;
		};
		A7787AC42E18101100092491 /* Resources */ = {
			isa = PBXResourcesBuildPhase;
			buildActionMask = 2147483647;
			files = (
			);
			runOnlyForDeploymentPostprocessing = 0;
		};
		A7787ACE2E18101100092491 /* Resources */ = {
			isa = PBXResourcesBuildPhase;
			buildActionMask = 2147483647;
			files = (
			);
			runOnlyForDeploymentPostprocessing = 0;
		};
/* End PBXResourcesBuildPhase section */

/* Begin PBXSourcesBuildPhase section */
		A7787AB22E18100E00092491 /* Sources */ = {
			isa = PBXSourcesBuildPhase;
			buildActionMask = 2147483647;
			files = (
				A7787ABC2E18100E00092491 /* ContentView.swift in Sources */,
				A7787ABA2E18100E00092491 /* WeatherForecast2App.swift in Sources */,
			);
			runOnlyForDeploymentPostprocessing = 0;
		};
		A7787AC22E18101100092491 /* Sources */ = {
			isa = PBXSourcesBuildPhase;
			buildActionMask = 2147483647;
			files = (
				A7787ACB2E18101100092491 /* WeatherForecast2Tests.swift in Sources */,
			);
			runOnlyForDeploymentPostprocessing = 0;
		};
		A7787ACC2E18101100092491 /* Sources */ = {
			isa = PBXSourcesBuildPhase;
			buildActionMask = 2147483647;
			files = (
				A7787AD52E18101100092491 /* WeatherForecast2UITests.swift in Sources */,
				A7787AD72E18101100092491 /* WeatherForecast2UITestsLaunchTests.swift in Sources */,
			);
			runOnlyForDeploymentPostprocessing = 0;
		};
/* End PBXSourcesBuildPhase section */

/* Begin PBXTargetDependency section */
		A7787AC82E18101100092491 /* PBXTargetDependency */ = {
			isa = PBXTargetDependency;
			target = A7787AB52E18100E00092491 /* WeatherForecast2 */;
			targetProxy = A7787AC72E18101100092491 /* PBXContainerItemProxy */;
		};
		A7787AD22E18101100092491 /* PBXTargetDependency */ = {
			isa = PBXTargetDependency;
			target = A7787AB52E18100E00092491 /* WeatherForecast2 */;
			targetProxy = A7787AD12E18101100092491 /* PBXContainerItemProxy */;
		};
/* End PBXTargetDependency section */

/* Begin XCBuildConfiguration section */
		A7787AD82E18101100092491 /* Debug */ = {
			isa = XCBuildConfiguration;
			buildSettings = {
				ALWAYS_SEARCH_USER_PATHS = NO;
				ASSETCATALOG_COMPILER_GENERATE_SWIFT_ASSET_SYMBOL_EXTENSIONS = YES;
				CLANG_ANALYZER_NONNULL = YES;
				CLANG_ANALYZER_NUMBER_OBJECT_CONVERSION = YES_AGGRESSIVE;
				CLANG_CXX_LANGUAGE_STANDARD = "gnu++20";
				CLANG_ENABLE_MODULES = YES;
				CLANG_ENABLE_OBJC_ARC = YES;
				CLANG_ENABLE_OBJC_WEAK = YES;
				CLANG_WARN_BLOCK_CAPTURE_AUTORELEASING = YES;
				CLANG_WARN_BOOL_CONVERSION = YES;
				CLANG_WARN_COMMA = YES;
				CLANG_WARN_CONSTANT_CONVERSION = YES;
				CLANG_WARN_DEPRECATED_OBJC_IMPLEMENTATIONS = YES;
				CLANG_WARN_DIRECT_OBJC_ISA_USAGE = YES_ERROR;
				CLANG_WARN_DOCUMENTATION_COMMENTS = YES;
				CLANG_WARN_EMPTY_BODY = YES;
				CLANG_WARN_ENUM_CONVERSION = YES;
				CLANG_WARN_INFINITE_RECURSION = YES;
				CLANG_WARN_INT_CONVERSION = YES;
				CLANG_WARN_NON_LITERAL_NULL_CONVERSION = YES;
				CLANG_WARN_OBJC_IMPLICIT_RETAIN_SELF = YES;
				CLANG_WARN_OBJC_LITERAL_CONVERSION = YES;
				CLANG_WARN_OBJC_ROOT_CLASS = YES_ERROR;
				CLANG_WARN_QUOTED_INCLUDE_IN_FRAMEWORK_HEADER = YES;
				CLANG_WARN_RANGE_LOOP_ANALYSIS = YES;
				CLANG_WARN_STRICT_PROTOTYPES = YES;
				CLANG_WARN_SUSPICIOUS_MOVE = YES;
				CLANG_WARN_UNGUARDED_AVAILABILITY = YES_AGGRESSIVE;
				CLANG_WARN_UNREACHABLE_CODE = YES;
				CLANG_WARN__DUPLICATE_METHOD_MATCH = YES;
				COPY_PHASE_STRIP = NO;
				DEBUG_INFORMATION_FORMAT = dwarf;
				ENABLE_STRICT_OBJC_MSGSEND = YES;
				ENABLE_TESTABILITY = YES;
				ENABLE_USER_SCRIPT_SANDBOXING = YES;
				GCC_C_LANGUAGE_STANDARD = gnu17;
				GCC_DYNAMIC_NO_PIC = NO;
				GCC_NO_COMMON_BLOCKS = YES;
				GCC_OPTIMIZATION_LEVEL = 0;
				GCC_PREPROCESSOR_DEFINITIONS = (
					"DEBUG=1",
					"$(inherited)",
				);
				GCC_WARN_64_TO_32_BIT_CONVERSION = YES;
				GCC_WARN_ABOUT_RETURN_TYPE = YES_ERROR;
				GCC_WARN_UNDECLARED_SELECTOR = YES;
				GCC_WARN_UNINITIALIZED_AUTOS = YES_AGGRESSIVE;
				GCC_WARN_UNUSED_FUNCTION = YES;
				GCC_WARN_UNUSED_VARIABLE = YES;
				IPHONEOS_DEPLOYMENT_TARGET = 17.5;
				LOCALIZATION_PREFERS_STRING_CATALOGS = YES;
				MTL_ENABLE_DEBUG_INFO = INCLUDE_SOURCE;
				MTL_FAST_MATH = YES;
				ONLY_ACTIVE_ARCH = YES;
				SDKROOT = iphoneos;
				SWIFT_ACTIVE_COMPILATION_CONDITIONS = "DEBUG $(inherited)";
				SWIFT_OPTIMIZATION_LEVEL = "-Onone";
			};
			name = Debug;
		};
		A7787AD92E18101100092491 /* Release */ = {
			isa = XCBuildConfiguration;
			buildSettings = {
				ALWAYS_SEARCH_USER_PATHS = NO;
				ASSETCATALOG_COMPILER_GENERATE_SWIFT_ASSET_SYMBOL_EXTENSIONS = YES;
				CLANG_ANALYZER_NONNULL = YES;
				CLANG_ANALYZER_NUMBER_OBJECT_CONVERSION = YES_AGGRESSIVE;
				CLANG_CXX_LANGUAGE_STANDARD = "gnu++20";
				CLANG_ENABLE_MODULES = YES;
				CLANG_ENABLE_OBJC_ARC = YES;
				CLANG_ENABLE_OBJC_WEAK = YES;
				CLANG_WARN_BLOCK_CAPTURE_AUTORELEASING = YES;
				CLANG_WARN_BOOL_CONVERSION = YES;
				CLANG_WARN_COMMA = YES;
				CLANG_WARN_CONSTANT_CONVERSION = YES;
				CLANG_WARN_DEPRECATED_OBJC_IMPLEMENTATIONS = YES;
				CLANG_WARN_DIRECT_OBJC_ISA_USAGE = YES_ERROR;
				CLANG_WARN_DOCUMENTATION_COMMENTS = YES;
				CLANG_WARN_EMPTY_BODY = YES;
				CLANG_WARN_ENUM_CONVERSION = YES;
				CLANG_WARN_INFINITE_RECURSION = YES;
				CLANG_WARN_INT_CONVERSION = YES;
				CLANG_WARN_NON_LITERAL_NULL_CONVERSION = YES;
				CLANG_WARN_OBJC_IMPLICIT_RETAIN_SELF = YES;
				CLANG_WARN_OBJC_LITERAL_CONVERSION = YES;
				CLANG_WARN_OBJC_ROOT_CLASS = YES_ERROR;
				CLANG_WARN_QUOTED_INCLUDE_IN_FRAMEWORK_HEADER = YES;
				CLANG_WARN_RANGE_LOOP_ANALYSIS = YES;
				CLANG_WARN_STRICT_PROTOTYPES = YES;
				CLANG_WARN_SUSPICIOUS_MOVE = YES;
				CLANG_WARN_UNGUARDED_AVAILABILITY = YES_AGGRESSIVE;
				CLANG_WARN_UNREACHABLE_CODE = YES;
				CLANG_WARN__DUPLICATE_METHOD_MATCH = YES;
				COPY_PHASE_STRIP = NO;
				DEBUG_INFORMATION_FORMAT = "dwarf-with-dsym";
				ENABLE_NS_ASSERTIONS = NO;
				ENABLE_STRICT_OBJC_MSGSEND = YES;
				ENABLE_USER_SCRIPT_SANDBOXING = YES;
				GCC_C_LANGUAGE_STANDARD = gnu17;
				GCC_NO_COMMON_BLOCKS = YES;
				GCC_WARN_64_TO_32_BIT_CONVERSION = YES;
				GCC_WARN_ABOUT_RETURN_TYPE = YES_ERROR;
				GCC_WARN_UNDECLARED_SELECTOR = YES;
				GCC_WARN_UNINITIALIZED_AUTOS = YES_AGGRESSIVE;
				GCC_WARN_UNUSED_FUNCTION = YES;
				GCC_WARN_UNUSED_VARIABLE = YES;
				IPHONEOS_DEPLOYMENT_TARGET = 17.5;
				LOCALIZATION_PREFERS_STRING_CATALOGS = YES;
				MTL_ENABLE_DEBUG_INFO = NO;
				MTL_FAST_MATH = YES;
				SDKROOT = iphoneos;
				SWIFT_COMPILATION_MODE = wholemodule;
				VALIDATE_PRODUCT = YES;
			};
			name = Release;
		};
		A7787ADB2E18101100092491 /* Debug */ = {
			isa = XCBuildConfiguration;
			buildSettings = {
				ASSETCATALOG_COMPILER_APPICON_NAME = AppIcon;
				ASSETCATALOG_COMPILER_GLOBAL_ACCENT_COLOR_NAME = AccentColor;
				CODE_SIGN_STYLE = Automatic;
				CURRENT_PROJECT_VERSION = 1;
				DEVELOPMENT_ASSET_PATHS = "\"WeatherForecast2/Preview Content\"";
				ENABLE_PREVIEWS = YES;
				GENERATE_INFOPLIST_FILE = YES;
				INFOPLIST_KEY_UIApplicationSceneManifest_Generation = YES;
				INFOPLIST_KEY_UIApplicationSupportsIndirectInputEvents = YES;
				INFOPLIST_KEY_UILaunchScreen_Generation = YES;
				INFOPLIST_KEY_UISupportedInterfaceOrientations_iPad = "UIInterfaceOrientationPortrait UIInterfaceOrientationPortraitUpsideDown UIInterfaceOrientationLandscapeLeft UIInterfaceOrientationLandscapeRight";
				INFOPLIST_KEY_UISupportedInterfaceOrientations_iPhone = "UIInterfaceOrientationPortrait UIInterfaceOrientationLandscapeLeft UIInterfaceOrientationLandscapeRight";
				LD_RUNPATH_SEARCH_PATHS = (
					"$(inherited)",
					"@executable_path/Frameworks",
				);
				MARKETING_VERSION = 1.0;
				PRODUCT_BUNDLE_IDENTIFIER = HarshalM.WeatherForecast2;
				PRODUCT_NAME = "$(TARGET_NAME)";
				SWIFT_EMIT_LOC_STRINGS = YES;
				SWIFT_VERSION = 5.0;
				TARGETED_DEVICE_FAMILY = "1,2";
			};
			name = Debug;
		};
		A7787ADC2E18101100092491 /* Release */ = {
			isa = XCBuildConfiguration;
			buildSettings = {
				ASSETCATALOG_COMPILER_APPICON_NAME = AppIcon;
				ASSETCATALOG_COMPILER_GLOBAL_ACCENT_COLOR_NAME = AccentColor;
				CODE_SIGN_STYLE = Automatic;
				CURRENT_PROJECT_VERSION = 1;
				DEVELOPMENT_ASSET_PATHS = "\"WeatherForecast2/Preview Content\"";
				ENABLE_PREVIEWS = YES;
				GENERATE_INFOPLIST_FILE = YES;
				INFOPLIST_KEY_UIApplicationSceneManifest_Generation = YES;
				INFOPLIST_KEY_UIApplicationSupportsIndirectInputEvents = YES;
				INFOPLIST_KEY_UILaunchScreen_Generation = YES;
				INFOPLIST_KEY_UISupportedInterfaceOrientations_iPad = "UIInterfaceOrientationPortrait UIInterfaceOrientationPortraitUpsideDown UIInterfaceOrientationLandscapeLeft UIInterfaceOrientationLandscapeRight";
				INFOPLIST_KEY_UISupportedInterfaceOrientations_iPhone = "UIInterfaceOrientationPortrait UIInterfaceOrientationLandscapeLeft UIInterfaceOrientationLandscapeRight";
				LD_RUNPATH_SEARCH_PATHS = (
					"$(inherited)",
					"@executable_path/Frameworks",
				);
				MARKETING_VERSION = 1.0;
				PRODUCT_BUNDLE_IDENTIFIER = HarshalM.WeatherForecast2;
				PRODUCT_NAME = "$(TARGET_NAME)";
				SWIFT_EMIT_LOC_STRINGS = YES;
				SWIFT_VERSION = 5.0;
				TARGETED_DEVICE_FAMILY = "1,2";
			};
			name = Release;
		};
		A7787ADE2E18101100092491 /* Debug */ = {
			isa = XCBuildConfiguration;
			buildSettings = {
				ALWAYS_EMBED_SWIFT_STANDARD_LIBRARIES = YES;
				BUNDLE_LOADER = "$(TEST_HOST)";
				CODE_SIGN_STYLE = Automatic;
				CURRENT_PROJECT_VERSION = 1;
				GENERATE_INFOPLIST_FILE = YES;
				IPHONEOS_DEPLOYMENT_TARGET = 17.5;
				MARKETING_VERSION = 1.0;
				PRODUCT_BUNDLE_IDENTIFIER = HarshalM.WeatherForecast2Tests;
				PRODUCT_NAME = "$(TARGET_NAME)";
				SWIFT_EMIT_LOC_STRINGS = NO;
				SWIFT_VERSION = 5.0;
				TARGETED_DEVICE_FAMILY = "1,2";
				TEST_HOST = "$(BUILT_PRODUCTS_DIR)/WeatherForecast2.app/$(BUNDLE_EXECUTABLE_FOLDER_PATH)/WeatherForecast2";
			};
			name = Debug;
		};
		A7787ADF2E18101100092491 /* Release */ = {
			isa = XCBuildConfiguration;
			buildSettings = {
				ALWAYS_EMBED_SWIFT_STANDARD_LIBRARIES = YES;
				BUNDLE_LOADER = "$(TEST_HOST)";
				CODE_SIGN_STYLE = Automatic;
				CURRENT_PROJECT_VERSION = 1;
				GENERATE_INFOPLIST_FILE = YES;
				IPHONEOS_DEPLOYMENT_TARGET = 17.5;
				MARKETING_VERSION = 1.0;
				PRODUCT_BUNDLE_IDENTIFIER = HarshalM.WeatherForecast2Tests;
				PRODUCT_NAME = "$(TARGET_NAME)";
				SWIFT_EMIT_LOC_STRINGS = NO;
				SWIFT_VERSION = 5.0;
				TARGETED_DEVICE_FAMILY = "1,2";
				TEST_HOST = "$(BUILT_PRODUCTS_DIR)/WeatherForecast2.app/$(BUNDLE_EXECUTABLE_FOLDER_PATH)/WeatherForecast2";
			};
			name = Release;
		};
		A7787AE12E18101100092491 /* Debug */ = {
			isa = XCBuildConfiguration;
			buildSettings = {
				ALWAYS_EMBED_SWIFT_STANDARD_LIBRARIES = YES;
				CODE_SIGN_STYLE = Automatic;
				CURRENT_PROJECT_VERSION = 1;
				GENERATE_INFOPLIST_FILE = YES;
				MARKETING_VERSION = 1.0;
				PRODUCT_BUNDLE_IDENTIFIER = HarshalM.WeatherForecast2UITests;
				PRODUCT_NAME = "$(TARGET_NAME)";
				SWIFT_EMIT_LOC_STRINGS = NO;
				SWIFT_VERSION = 5.0;
				TARGETED_DEVICE_FAMILY = "1,2";
				TEST_TARGET_NAME = WeatherForecast2;
			};
			name = Debug;
		};
		A7787AE22E18101100092491 /* Release */ = {
			isa = XCBuildConfiguration;
			buildSettings = {
				ALWAYS_EMBED_SWIFT_STANDARD_LIBRARIES = YES;
				CODE_SIGN_STYLE = Automatic;
				CURRENT_PROJECT_VERSION = 1;
				GENERATE_INFOPLIST_FILE = YES;
				MARKETING_VERSION = 1.0;
				PRODUCT_BUNDLE_IDENTIFIER = HarshalM.WeatherForecast2UITests;
				PRODUCT_NAME = "$(TARGET_NAME)";
				SWIFT_EMIT_LOC_STRINGS = NO;
				SWIFT_VERSION = 5.0;
				TARGETED_DEVICE_FAMILY = "1,2";
				TEST_TARGET_NAME = WeatherForecast2;
			};
			name = Release;
		};
/* End XCBuildConfiguration section */

/* Begin XCConfigurationList section */
		A7787AB12E18100E00092491 /* Build configuration list for PBXProject "WeatherForecast2" */ = {
			isa = XCConfigurationList;
			buildConfigurations = (
				A7787AD82E18101100092491 /* Debug */,
				A7787AD92E18101100092491 /* Release */,
			);
			defaultConfigurationIsVisible = 0;
			defaultConfigurationName = Release;
		};
		A7787ADA2E18101100092491 /* Build configuration list for PBXNativeTarget "WeatherForecast2" */ = {
			isa = XCConfigurationList;
			buildConfigurations = (
				A7787ADB2E18101100092491 /* Debug */,
				A7787ADC2E18101100092491 /* Release */,
			);
			defaultConfigurationIsVisible = 0;
			defaultConfigurationName = Release;
		};
		A7787ADD2E18101100092491 /* Build configuration list for PBXNativeTarget "WeatherForecast2Tests" */ = {
			isa = XCConfigurationList;
			buildConfigurations = (
				A7787ADE2E18101100092491 /* Debug */,
				A7787ADF2E18101100092491 /* Release */,
			);
			defaultConfigurationIsVisible = 0;
			defaultConfigurationName = Release;
		};
		A7787AE02E18101100092491 /* Build configuration list for PBXNativeTarget "WeatherForecast2UITests" */ = {
			isa = XCConfigurationList;
			buildConfigurations = (
				A7787AE12E18101100092491 /* Debug */,
				A7787AE22E18101100092491 /* Release */,
			);
			defaultConfigurationIsVisible = 0;
			defaultConfigurationName = Release;
		};
/* End XCConfigurationList section */
	};
	rootObject = A7787AAE2E18100E00092491 /* Project object */;
}
