// !$*UTF8*$!
{
	archiveVersion = 1;
	classes = {
	};
	objectVersion = 56;
	objects = {

/* Begin PBXBuildFile section */
		A7EAC5E52E295DCD006FF0EC /* BirthdaysApp.swift in Sources */ = {isa = PBXBuildFile; fileRef = A7EAC5E42E295DCD006FF0EC /* BirthdaysApp.swift */; };
		A7EAC5E72E295DCD006FF0EC /* ContentView.swift in Sources */ = {isa = PBXBuildFile; fileRef = A7EAC5E62E295DCD006FF0EC /* ContentView.swift */; };
		A7EAC5E92E295DD0006FF0EC /* Assets.xcassets in Resources */ = {isa = PBXBuildFile; fileRef = A7EAC5E82E295DD0006FF0EC /* Assets.xcassets */; };
		A7EAC5EC2E295DD0006FF0EC /* Preview Assets.xcassets in Resources */ = {isa = PBXBuildFile; fileRef = A7EAC5EB2E295DD0006FF0EC /* Preview Assets.xcassets */; };
		A7EAC5F62E295DD1006FF0EC /* BirthdaysTests.swift in Sources */ = {isa = PBXBuildFile; fileRef = A7EAC5F52E295DD1006FF0EC /* BirthdaysTests.swift */; };
		A7EAC6002E295DD1006FF0EC /* BirthdaysUITests.swift in Sources */ = {isa = PBXBuildFile; fileRef = A7EAC5FF2E295DD1006FF0EC /* BirthdaysUITests.swift */; };
		A7EAC6022E295DD1006FF0EC /* BirthdaysUITestsLaunchTests.swift in Sources */ = {isa = PBXBuildFile; fileRef = A7EAC6012E295DD1006FF0EC /* BirthdaysUITestsLaunchTests.swift */; };
		A7EAC60F2E295E37006FF0EC /* Friend.swift in Sources */ = {isa = PBXBuildFile; fileRef = A7EAC60E2E295E37006FF0EC /* Friend.swift */; };
/* End PBXBuildFile section */

/* Begin PBXContainerItemProxy section */
		A7EAC5F22E295DD1006FF0EC /* PBXContainerItemProxy */ = {
			isa = PBXContainerItemProxy;
			containerPortal = A7EAC5D92E295DCD006FF0EC /* Project object */;
			proxyType = 1;
			remoteGlobalIDString = A7EAC5E02E295DCD006FF0EC;
			remoteInfo = Birthdays;
		};
		A7EAC5FC2E295DD1006FF0EC /* PBXContainerItemProxy */ = {
			isa = PBXContainerItemProxy;
			containerPortal = A7EAC5D92E295DCD006FF0EC /* Project object */;
			proxyType = 1;
			remoteGlobalIDString = A7EAC5E02E295DCD006FF0EC;
			remoteInfo = Birthdays;
		};
/* End PBXContainerItemProxy section */

/* Begin PBXFileReference section */
		A7EAC5E12E295DCD006FF0EC /* Birthdays.app */ = {isa = PBXFileReference; explicitFileType = wrapper.application; includeInIndex = 0; path = Birthdays.app; sourceTree = BUILT_PRODUCTS_DIR; };
		A7EAC5E42E295DCD006FF0EC /* BirthdaysApp.swift */ = {isa = PBXFileReference; lastKnownFileType = sourcecode.swift; path = BirthdaysApp.swift; sourceTree = "<group>"; };
		A7EAC5E62E295DCD006FF0EC /* ContentView.swift */ = {isa = PBXFileReference; lastKnownFileType = sourcecode.swift; path = ContentView.swift; sourceTree = "<group>"; };
		A7EAC5E82E295DD0006FF0EC /* Assets.xcassets */ = {isa = PBXFileReference; lastKnownFileType = folder.assetcatalog; path = Assets.xcassets; sourceTree = "<group>"; };
		A7EAC5EB2E295DD0006FF0EC /* Preview Assets.xcassets */ = {isa = PBXFileReference; lastKnownFileType = folder.assetcatalog; path = "Preview Assets.xcassets"; sourceTree = "<group>"; };
		A7EAC5F12E295DD1006FF0EC /* BirthdaysTests.xctest */ = {isa = PBXFileReference; explicitFileType = wrapper.cfbundle; includeInIndex = 0; path = BirthdaysTests.xctest; sourceTree = BUILT_PRODUCTS_DIR; };
		A7EAC5F52E295DD1006FF0EC /* BirthdaysTests.swift */ = {isa = PBXFileReference; lastKnownFileType = sourcecode.swift; path = BirthdaysTests.swift; sourceTree = "<group>"; };
		A7EAC5FB2E295DD1006FF0EC /* BirthdaysUITests.xctest */ = {isa = PBXFileReference; explicitFileType = wrapper.cfbundle; includeInIndex = 0; path = BirthdaysUITests.xctest; sourceTree = BUILT_PRODUCTS_DIR; };
		A7EAC5FF2E295DD1006FF0EC /* BirthdaysUITests.swift */ = {isa = PBXFileReference; lastKnownFileType = sourcecode.swift; path = BirthdaysUITests.swift; sourceTree = "<group>"; };
		A7EAC6012E295DD1006FF0EC /* BirthdaysUITestsLaunchTests.swift */ = {isa = PBXFileReference; lastKnownFileType = sourcecode.swift; path = BirthdaysUITestsLaunchTests.swift; sourceTree = "<group>"; };
		A7EAC60E2E295E37006FF0EC /* Friend.swift */ = {isa = PBXFileReference; lastKnownFileType = sourcecode.swift; path = Friend.swift; sourceTree = "<group>"; };
/* End PBXFileReference section */

/* Begin PBXFrameworksBuildPhase section */
		A7EAC5DE2E295DCD006FF0EC /* Frameworks */ = {
			isa = PBXFrameworksBuildPhase;
			buildActionMask = 2147483647;
			files = (
			);
			runOnlyForDeploymentPostprocessing = 0;
		};
		A7EAC5EE2E295DD1006FF0EC /* Frameworks */ = {
			isa = PBXFrameworksBuildPhase;
			buildActionMask = 2147483647;
			files = (
			);
			runOnlyForDeploymentPostprocessing = 0;
		};
		A7EAC5F82E295DD1006FF0EC /* Frameworks */ = {
			isa = PBXFrameworksBuildPhase;
			buildActionMask = 2147483647;
			files = (
			);
			runOnlyForDeploymentPostprocessing = 0;
		};
/* End PBXFrameworksBuildPhase section */

/* Begin PBXGroup section */
		A7EAC5D82E295DCD006FF0EC = {
			isa = PBXGroup;
			children = (
				A7EAC5E32E295DCD006FF0EC /* Birthdays */,
				A7EAC5F42E295DD1006FF0EC /* BirthdaysTests */,
				A7EAC5FE2E295DD1006FF0EC /* BirthdaysUITests */,
				A7EAC5E22E295DCD006FF0EC /* Products */,
			);
			sourceTree = "<group>";
		};
		A7EAC5E22E295DCD006FF0EC /* Products */ = {
			isa = PBXGroup;
			children = (
				A7EAC5E12E295DCD006FF0EC /* Birthdays.app */,
				A7EAC5F12E295DD1006FF0EC /* BirthdaysTests.xctest */,
				A7EAC5FB2E295DD1006FF0EC /* BirthdaysUITests.xctest */,
			);
			name = Products;
			sourceTree = "<group>";
		};
		A7EAC5E32E295DCD006FF0EC /* Birthdays */ = {
			isa = PBXGroup;
			children = (
				A7EAC5E42E295DCD006FF0EC /* BirthdaysApp.swift */,
				A7EAC5E62E295DCD006FF0EC /* ContentView.swift */,
				A7EAC60E2E295E37006FF0EC /* Friend.swift */,
				A7EAC5E82E295DD0006FF0EC /* Assets.xcassets */,
				A7EAC5EA2E295DD0006FF0EC /* Preview Content */,
			);
			path = Birthdays;
			sourceTree = "<group>";
		};
		A7EAC5EA2E295DD0006FF0EC /* Preview Content */ = {
			isa = PBXGroup;
			children = (
				A7EAC5EB2E295DD0006FF0EC /* Preview Assets.xcassets */,
			);
			path = "Preview Content";
			sourceTree = "<group>";
		};
		A7EAC5F42E295DD1006FF0EC /* BirthdaysTests */ = {
			isa = PBXGroup;
			children = (
				A7EAC5F52E295DD1006FF0EC /* BirthdaysTests.swift */,
			);
			path = BirthdaysTests;
			sourceTree = "<group>";
		};
		A7EAC5FE2E295DD1006FF0EC /* BirthdaysUITests */ = {
			isa = PBXGroup;
			children = (
				A7EAC5FF2E295DD1006FF0EC /* BirthdaysUITests.swift */,
				A7EAC6012E295DD1006FF0EC /* BirthdaysUITestsLaunchTests.swift */,
			);
			path = BirthdaysUITests;
			sourceTree = "<group>";
		};
/* End PBXGroup section */

/* Begin PBXNativeTarget section */
		A7EAC5E02E295DCD006FF0EC /* Birthdays */ = {
			isa = PBXNativeTarget;
			buildConfigurationList = A7EAC6052E295DD1006FF0EC /* Build configuration list for PBXNativeTarget "Birthdays" */;
			buildPhases = (
				A7EAC5DD2E295DCD006FF0EC /* Sources */,
				A7EAC5DE2E295DCD006FF0EC /* Frameworks */,
				A7EAC5DF2E295DCD006FF0EC /* Resources */,
			);
			buildRules = (
			);
			dependencies = (
			);
			name = Birthdays;
			productName = Birthdays;
			productReference = A7EAC5E12E295DCD006FF0EC /* Birthdays.app */;
			productType = "com.apple.product-type.application";
		};
		A7EAC5F02E295DD1006FF0EC /* BirthdaysTests */ = {
			isa = PBXNativeTarget;
			buildConfigurationList = A7EAC6082E295DD1006FF0EC /* Build configuration list for PBXNativeTarget "BirthdaysTests" */;
			buildPhases = (
				A7EAC5ED2E295DD1006FF0EC /* Sources */,
				A7EAC5EE2E295DD1006FF0EC /* Frameworks */,
				A7EAC5EF2E295DD1006FF0EC /* Resources */,
			);
			buildRules = (
			);
			dependencies = (
				A7EAC5F32E295DD1006FF0EC /* PBXTargetDependency */,
			);
			name = BirthdaysTests;
			productName = BirthdaysTests;
			productReference = A7EAC5F12E295DD1006FF0EC /* BirthdaysTests.xctest */;
			productType = "com.apple.product-type.bundle.unit-test";
		};
		A7EAC5FA2E295DD1006FF0EC /* BirthdaysUITests */ = {
			isa = PBXNativeTarget;
			buildConfigurationList = A7EAC60B2E295DD1006FF0EC /* Build configuration list for PBXNativeTarget "BirthdaysUITests" */;
			buildPhases = (
				A7EAC5F72E295DD1006FF0EC /* Sources */,
				A7EAC5F82E295DD1006FF0EC /* Frameworks */,
				A7EAC5F92E295DD1006FF0EC /* Resources */,
			);
			buildRules = (
			);
			dependencies = (
				A7EAC5FD2E295DD1006FF0EC /* PBXTargetDependency */,
			);
			name = BirthdaysUITests;
			productName = BirthdaysUITests;
			productReference = A7EAC5FB2E295DD1006FF0EC /* BirthdaysUITests.xctest */;
			productType = "com.apple.product-type.bundle.ui-testing";
		};
/* End PBXNativeTarget section */

/* Begin PBXProject section */
		A7EAC5D92E295DCD006FF0EC /* Project object */ = {
			isa = PBXProject;
			attributes = {
				BuildIndependentTargetsInParallel = 1;
				LastSwiftUpdateCheck = 1540;
				LastUpgradeCheck = 1540;
				TargetAttributes = {
					A7EAC5E02E295DCD006FF0EC = {
						CreatedOnToolsVersion = 15.4;
					};
					A7EAC5F02E295DD1006FF0EC = {
						CreatedOnToolsVersion = 15.4;
						TestTargetID = A7EAC5E02E295DCD006FF0EC;
					};
					A7EAC5FA2E295DD1006FF0EC = {
						CreatedOnToolsVersion = 15.4;
						TestTargetID = A7EAC5E02E295DCD006FF0EC;
					};
				};
			};
			buildConfigurationList = A7EAC5DC2E295DCD006FF0EC /* Build configuration list for PBXProject "Birthdays" */;
			compatibilityVersion = "Xcode 14.0";
			developmentRegion = en;
			hasScannedForEncodings = 0;
			knownRegions = (
				en,
				Base,
			);
			mainGroup = A7EAC5D82E295DCD006FF0EC;
			productRefGroup = A7EAC5E22E295DCD006FF0EC /* Products */;
			projectDirPath = "";
			projectRoot = "";
			targets = (
				A7EAC5E02E295DCD006FF0EC /* Birthdays */,
				A7EAC5F02E295DD1006FF0EC /* BirthdaysTests */,
				A7EAC5FA2E295DD1006FF0EC /* BirthdaysUITests */,
			);
		};
/* End PBXProject section */

/* Begin PBXResourcesBuildPhase section */
		A7EAC5DF2E295DCD006FF0EC /* Resources */ = {
			isa = PBXResourcesBuildPhase;
			buildActionMask = 2147483647;
			files = (
				A7EAC5EC2E295DD0006FF0EC /* Preview Assets.xcassets in Resources */,
				A7EAC5E92E295DD0006FF0EC /* Assets.xcassets in Resources */,
			);
			runOnlyForDeploymentPostprocessing = 0;
		};
		A7EAC5EF2E295DD1006FF0EC /* Resources */ = {
			isa = PBXResourcesBuildPhase;
			buildActionMask = 2147483647;
			files = (
			);
			runOnlyForDeploymentPostprocessing = 0;
		};
		A7EAC5F92E295DD1006FF0EC /* Resources */ = {
			isa = PBXResourcesBuildPhase;
			buildActionMask = 2147483647;
			files = (
			);
			runOnlyForDeploymentPostprocessing = 0;
		};
/* End PBXResourcesBuildPhase section */

/* Begin PBXSourcesBuildPhase section */
		A7EAC5DD2E295DCD006FF0EC /* Sources */ = {
			isa = PBXSourcesBuildPhase;
			buildActionMask = 2147483647;
			files = (
				A7EAC60F2E295E37006FF0EC /* Friend.swift in Sources */,
				A7EAC5E72E295DCD006FF0EC /* ContentView.swift in Sources */,
				A7EAC5E52E295DCD006FF0EC /* BirthdaysApp.swift in Sources */,
			);
			runOnlyForDeploymentPostprocessing = 0;
		};
		A7EAC5ED2E295DD1006FF0EC /* Sources */ = {
			isa = PBXSourcesBuildPhase;
			buildActionMask = 2147483647;
			files = (
				A7EAC5F62E295DD1006FF0EC /* BirthdaysTests.swift in Sources */,
			);
			runOnlyForDeploymentPostprocessing = 0;
		};
		A7EAC5F72E295DD1006FF0EC /* Sources */ = {
			isa = PBXSourcesBuildPhase;
			buildActionMask = 2147483647;
			files = (
				A7EAC6002E295DD1006FF0EC /* BirthdaysUITests.swift in Sources */,
				A7EAC6022E295DD1006FF0EC /* BirthdaysUITestsLaunchTests.swift in Sources */,
			);
			runOnlyForDeploymentPostprocessing = 0;
		};
/* End PBXSourcesBuildPhase section */

/* Begin PBXTargetDependency section */
		A7EAC5F32E295DD1006FF0EC /* PBXTargetDependency */ = {
			isa = PBXTargetDependency;
			target = A7EAC5E02E295DCD006FF0EC /* Birthdays */;
			targetProxy = A7EAC5F22E295DD1006FF0EC /* PBXContainerItemProxy */;
		};
		A7EAC5FD2E295DD1006FF0EC /* PBXTargetDependency */ = {
			isa = PBXTargetDependency;
			target = A7EAC5E02E295DCD006FF0EC /* Birthdays */;
			targetProxy = A7EAC5FC2E295DD1006FF0EC /* PBXContainerItemProxy */;
		};
/* End PBXTargetDependency section */

/* Begin XCBuildConfiguration section */
		A7EAC6032E295DD1006FF0EC /* Debug */ = {
			isa = XCBuildConfiguration;
			buildSettings = {
				ALWAYS_SEARCH_USER_PATHS = NO;
				ASSETCATALOG_COMPILER_GENERATE_SWIFT_ASSET_SYMBOL_EXTENSIONS = YES;
				CLANG_ANALYZER_NONNULL = YES;
				CLANG_ANALYZER_NUMBER_OBJECT_CONVERSION = YES_AGGRESSIVE;
				CLANG_CXX_LANGUAGE_STANDARD = "gnu++20";
				CLANG_ENABLE_MODULES = YES;
				CLANG_ENABLE_OBJC_ARC = YES;
				CLANG_ENABLE_OBJC_WEAK = YES;
				CLANG_WARN_BLOCK_CAPTURE_AUTORELEASING = YES;
				CLANG_WARN_BOOL_CONVERSION = YES;
				CLANG_WARN_COMMA = YES;
				CLANG_WARN_CONSTANT_CONVERSION = YES;
				CLANG_WARN_DEPRECATED_OBJC_IMPLEMENTATIONS = YES;
				CLANG_WARN_DIRECT_OBJC_ISA_USAGE = YES_ERROR;
				CLANG_WARN_DOCUMENTATION_COMMENTS = YES;
				CLANG_WARN_EMPTY_BODY = YES;
				CLANG_WARN_ENUM_CONVERSION = YES;
				CLANG_WARN_INFINITE_RECURSION = YES;
				CLANG_WARN_INT_CONVERSION = YES;
				CLANG_WARN_NON_LITERAL_NULL_CONVERSION = YES;
				CLANG_WARN_OBJC_IMPLICIT_RETAIN_SELF = YES;
				CLANG_WARN_OBJC_LITERAL_CONVERSION = YES;
				CLANG_WARN_OBJC_ROOT_CLASS = YES_ERROR;
				CLANG_WARN_QUOTED_INCLUDE_IN_FRAMEWORK_HEADER = YES;
				CLANG_WARN_RANGE_LOOP_ANALYSIS = YES;
				CLANG_WARN_STRICT_PROTOTYPES = YES;
				CLANG_WARN_SUSPICIOUS_MOVE = YES;
				CLANG_WARN_UNGUARDED_AVAILABILITY = YES_AGGRESSIVE;
				CLANG_WARN_UNREACHABLE_CODE = YES;
				CLANG_WARN__DUPLICATE_METHOD_MATCH = YES;
				COPY_PHASE_STRIP = NO;
				DEBUG_INFORMATION_FORMAT = dwarf;
				ENABLE_STRICT_OBJC_MSGSEND = YES;
				ENABLE_TESTABILITY = YES;
				ENABLE_USER_SCRIPT_SANDBOXING = YES;
				GCC_C_LANGUAGE_STANDARD = gnu17;
				GCC_DYNAMIC_NO_PIC = NO;
				GCC_NO_COMMON_BLOCKS = YES;
				GCC_OPTIMIZATION_LEVEL = 0;
				GCC_PREPROCESSOR_DEFINITIONS = (
					"DEBUG=1",
					"$(inherited)",
				);
				GCC_WARN_64_TO_32_BIT_CONVERSION = YES;
				GCC_WARN_ABOUT_RETURN_TYPE = YES_ERROR;
				GCC_WARN_UNDECLARED_SELECTOR = YES;
				GCC_WARN_UNINITIALIZED_AUTOS = YES_AGGRESSIVE;
				GCC_WARN_UNUSED_FUNCTION = YES;
				GCC_WARN_UNUSED_VARIABLE = YES;
				IPHONEOS_DEPLOYMENT_TARGET = 17.5;
				LOCALIZATION_PREFERS_STRING_CATALOGS = YES;
				MTL_ENABLE_DEBUG_INFO = INCLUDE_SOURCE;
				MTL_FAST_MATH = YES;
				ONLY_ACTIVE_ARCH = YES;
				SDKROOT = iphoneos;
				SWIFT_ACTIVE_COMPILATION_CONDITIONS = "DEBUG $(inherited)";
				SWIFT_OPTIMIZATION_LEVEL = "-Onone";
			};
			name = Debug;
		};
		A7EAC6042E295DD1006FF0EC /* Release */ = {
			isa = XCBuildConfiguration;
			buildSettings = {
				ALWAYS_SEARCH_USER_PATHS = NO;
				ASSETCATALOG_COMPILER_GENERATE_SWIFT_ASSET_SYMBOL_EXTENSIONS = YES;
				CLANG_ANALYZER_NONNULL = YES;
				CLANG_ANALYZER_NUMBER_OBJECT_CONVERSION = YES_AGGRESSIVE;
				CLANG_CXX_LANGUAGE_STANDARD = "gnu++20";
				CLANG_ENABLE_MODULES = YES;
				CLANG_ENABLE_OBJC_ARC = YES;
				CLANG_ENABLE_OBJC_WEAK = YES;
				CLANG_WARN_BLOCK_CAPTURE_AUTORELEASING = YES;
				CLANG_WARN_BOOL_CONVERSION = YES;
				CLANG_WARN_COMMA = YES;
				CLANG_WARN_CONSTANT_CONVERSION = YES;
				CLANG_WARN_DEPRECATED_OBJC_IMPLEMENTATIONS = YES;
				CLANG_WARN_DIRECT_OBJC_ISA_USAGE = YES_ERROR;
				CLANG_WARN_DOCUMENTATION_COMMENTS = YES;
				CLANG_WARN_EMPTY_BODY = YES;
				CLANG_WARN_ENUM_CONVERSION = YES;
				CLANG_WARN_INFINITE_RECURSION = YES;
				CLANG_WARN_INT_CONVERSION = YES;
				CLANG_WARN_NON_LITERAL_NULL_CONVERSION = YES;
				CLANG_WARN_OBJC_IMPLICIT_RETAIN_SELF = YES;
				CLANG_WARN_OBJC_LITERAL_CONVERSION = YES;
				CLANG_WARN_OBJC_ROOT_CLASS = YES_ERROR;
				CLANG_WARN_QUOTED_INCLUDE_IN_FRAMEWORK_HEADER = YES;
				CLANG_WARN_RANGE_LOOP_ANALYSIS = YES;
				CLANG_WARN_STRICT_PROTOTYPES = YES;
				CLANG_WARN_SUSPICIOUS_MOVE = YES;
				CLANG_WARN_UNGUARDED_AVAILABILITY = YES_AGGRESSIVE;
				CLANG_WARN_UNREACHABLE_CODE = YES;
				CLANG_WARN__DUPLICATE_METHOD_MATCH = YES;
				COPY_PHASE_STRIP = NO;
				DEBUG_INFORMATION_FORMAT = "dwarf-with-dsym";
				ENABLE_NS_ASSERTIONS = NO;
				ENABLE_STRICT_OBJC_MSGSEND = YES;
				ENABLE_USER_SCRIPT_SANDBOXING = YES;
				GCC_C_LANGUAGE_STANDARD = gnu17;
				GCC_NO_COMMON_BLOCKS = YES;
				GCC_WARN_64_TO_32_BIT_CONVERSION = YES;
				GCC_WARN_ABOUT_RETURN_TYPE = YES_ERROR;
				GCC_WARN_UNDECLARED_SELECTOR = YES;
				GCC_WARN_UNINITIALIZED_AUTOS = YES_AGGRESSIVE;
				GCC_WARN_UNUSED_FUNCTION = YES;
				GCC_WARN_UNUSED_VARIABLE = YES;
				IPHONEOS_DEPLOYMENT_TARGET = 17.5;
				LOCALIZATION_PREFERS_STRING_CATALOGS = YES;
				MTL_ENABLE_DEBUG_INFO = NO;
				MTL_FAST_MATH = YES;
				SDKROOT = iphoneos;
				SWIFT_COMPILATION_MODE = wholemodule;
				VALIDATE_PRODUCT = YES;
			};
			name = Release;
		};
		A7EAC6062E295DD1006FF0EC /* Debug */ = {
			isa = XCBuildConfiguration;
			buildSettings = {
				ASSETCATALOG_COMPILER_APPICON_NAME = AppIcon;
				ASSETCATALOG_COMPILER_GLOBAL_ACCENT_COLOR_NAME = AccentColor;
				CODE_SIGN_STYLE = Automatic;
				CURRENT_PROJECT_VERSION = 1;
				DEVELOPMENT_ASSET_PATHS = "\"Birthdays/Preview Content\"";
				ENABLE_PREVIEWS = YES;
				GENERATE_INFOPLIST_FILE = YES;
				INFOPLIST_KEY_UIApplicationSceneManifest_Generation = YES;
				INFOPLIST_KEY_UIApplicationSupportsIndirectInputEvents = YES;
				INFOPLIST_KEY_UILaunchScreen_Generation = YES;
				INFOPLIST_KEY_UISupportedInterfaceOrientations_iPad = "UIInterfaceOrientationPortrait UIInterfaceOrientationPortraitUpsideDown UIInterfaceOrientationLandscapeLeft UIInterfaceOrientationLandscapeRight";
				INFOPLIST_KEY_UISupportedInterfaceOrientations_iPhone = "UIInterfaceOrientationPortrait UIInterfaceOrientationLandscapeLeft UIInterfaceOrientationLandscapeRight";
				LD_RUNPATH_SEARCH_PATHS = (
					"$(inherited)",
					"@executable_path/Frameworks",
				);
				MARKETING_VERSION = 1.0;
				PRODUCT_BUNDLE_IDENTIFIER = HarshalM.Birthdays;
				PRODUCT_NAME = "$(TARGET_NAME)";
				SWIFT_EMIT_LOC_STRINGS = YES;
				SWIFT_VERSION = 5.0;
				TARGETED_DEVICE_FAMILY = "1,2";
			};
			name = Debug;
		};
		A7EAC6072E295DD1006FF0EC /* Release */ = {
			isa = XCBuildConfiguration;
			buildSettings = {
				ASSETCATALOG_COMPILER_APPICON_NAME = AppIcon;
				ASSETCATALOG_COMPILER_GLOBAL_ACCENT_COLOR_NAME = AccentColor;
				CODE_SIGN_STYLE = Automatic;
				CURRENT_PROJECT_VERSION = 1;
				DEVELOPMENT_ASSET_PATHS = "\"Birthdays/Preview Content\"";
				ENABLE_PREVIEWS = YES;
				GENERATE_INFOPLIST_FILE = YES;
				INFOPLIST_KEY_UIApplicationSceneManifest_Generation = YES;
				INFOPLIST_KEY_UIApplicationSupportsIndirectInputEvents = YES;
				INFOPLIST_KEY_UILaunchScreen_Generation = YES;
				INFOPLIST_KEY_UISupportedInterfaceOrientations_iPad = "UIInterfaceOrientationPortrait UIInterfaceOrientationPortraitUpsideDown UIInterfaceOrientationLandscapeLeft UIInterfaceOrientationLandscapeRight";
				INFOPLIST_KEY_UISupportedInterfaceOrientations_iPhone = "UIInterfaceOrientationPortrait UIInterfaceOrientationLandscapeLeft UIInterfaceOrientationLandscapeRight";
				LD_RUNPATH_SEARCH_PATHS = (
					"$(inherited)",
					"@executable_path/Frameworks",
				);
				MARKETING_VERSION = 1.0;
				PRODUCT_BUNDLE_IDENTIFIER = HarshalM.Birthdays;
				PRODUCT_NAME = "$(TARGET_NAME)";
				SWIFT_EMIT_LOC_STRINGS = YES;
				SWIFT_VERSION = 5.0;
				TARGETED_DEVICE_FAMILY = "1,2";
			};
			name = Release;
		};
		A7EAC6092E295DD1006FF0EC /* Debug */ = {
			isa = XCBuildConfiguration;
			buildSettings = {
				ALWAYS_EMBED_SWIFT_STANDARD_LIBRARIES = YES;
				BUNDLE_LOADER = "$(TEST_HOST)";
				CODE_SIGN_STYLE = Automatic;
				CURRENT_PROJECT_VERSION = 1;
				GENERATE_INFOPLIST_FILE = YES;
				IPHONEOS_DEPLOYMENT_TARGET = 17.5;
				MARKETING_VERSION = 1.0;
				PRODUCT_BUNDLE_IDENTIFIER = HarshalM.BirthdaysTests;
				PRODUCT_NAME = "$(TARGET_NAME)";
				SWIFT_EMIT_LOC_STRINGS = NO;
				SWIFT_VERSION = 5.0;
				TARGETED_DEVICE_FAMILY = "1,2";
				TEST_HOST = "$(BUILT_PRODUCTS_DIR)/Birthdays.app/$(BUNDLE_EXECUTABLE_FOLDER_PATH)/Birthdays";
			};
			name = Debug;
		};
		A7EAC60A2E295DD1006FF0EC /* Release */ = {
			isa = XCBuildConfiguration;
			buildSettings = {
				ALWAYS_EMBED_SWIFT_STANDARD_LIBRARIES = YES;
				BUNDLE_LOADER = "$(TEST_HOST)";
				CODE_SIGN_STYLE = Automatic;
				CURRENT_PROJECT_VERSION = 1;
				GENERATE_INFOPLIST_FILE = YES;
				IPHONEOS_DEPLOYMENT_TARGET = 17.5;
				MARKETING_VERSION = 1.0;
				PRODUCT_BUNDLE_IDENTIFIER = HarshalM.BirthdaysTests;
				PRODUCT_NAME = "$(TARGET_NAME)";
				SWIFT_EMIT_LOC_STRINGS = NO;
				SWIFT_VERSION = 5.0;
				TARGETED_DEVICE_FAMILY = "1,2";
				TEST_HOST = "$(BUILT_PRODUCTS_DIR)/Birthdays.app/$(BUNDLE_EXECUTABLE_FOLDER_PATH)/Birthdays";
			};
			name = Release;
		};
		A7EAC60C2E295DD1006FF0EC /* Debug */ = {
			isa = XCBuildConfiguration;
			buildSettings = {
				ALWAYS_EMBED_SWIFT_STANDARD_LIBRARIES = YES;
				CODE_SIGN_STYLE = Automatic;
				CURRENT_PROJECT_VERSION = 1;
				GENERATE_INFOPLIST_FILE = YES;
				MARKETING_VERSION = 1.0;
				PRODUCT_BUNDLE_IDENTIFIER = HarshalM.BirthdaysUITests;
				PRODUCT_NAME = "$(TARGET_NAME)";
				SWIFT_EMIT_LOC_STRINGS = NO;
				SWIFT_VERSION = 5.0;
				TARGETED_DEVICE_FAMILY = "1,2";
				TEST_TARGET_NAME = Birthdays;
			};
			name = Debug;
		};
		A7EAC60D2E295DD1006FF0EC /* Release */ = {
			isa = XCBuildConfiguration;
			buildSettings = {
				ALWAYS_EMBED_SWIFT_STANDARD_LIBRARIES = YES;
				CODE_SIGN_STYLE = Automatic;
				CURRENT_PROJECT_VERSION = 1;
				GENERATE_INFOPLIST_FILE = YES;
				MARKETING_VERSION = 1.0;
				PRODUCT_BUNDLE_IDENTIFIER = HarshalM.BirthdaysUITests;
				PRODUCT_NAME = "$(TARGET_NAME)";
				SWIFT_EMIT_LOC_STRINGS = NO;
				SWIFT_VERSION = 5.0;
				TARGETED_DEVICE_FAMILY = "1,2";
				TEST_TARGET_NAME = Birthdays;
			};
			name = Release;
		};
/* End XCBuildConfiguration section */

/* Begin XCConfigurationList section */
		A7EAC5DC2E295DCD006FF0EC /* Build configuration list for PBXProject "Birthdays" */ = {
			isa = XCConfigurationList;
			buildConfigurations = (
				A7EAC6032E295DD1006FF0EC /* Debug */,
				A7EAC6042E295DD1006FF0EC /* Release */,
			);
			defaultConfigurationIsVisible = 0;
			defaultConfigurationName = Release;
		};
		A7EAC6052E295DD1006FF0EC /* Build configuration list for PBXNativeTarget "Birthdays" */ = {
			isa = XCConfigurationList;
			buildConfigurations = (
				A7EAC6062E295DD1006FF0EC /* Debug */,
				A7EAC6072E295DD1006FF0EC /* Release */,
			);
			defaultConfigurationIsVisible = 0;
			defaultConfigurationName = Release;
		};
		A7EAC6082E295DD1006FF0EC /* Build configuration list for PBXNativeTarget "BirthdaysTests" */ = {
			isa = XCConfigurationList;
			buildConfigurations = (
				A7EAC6092E295DD1006FF0EC /* Debug */,
				A7EAC60A2E295DD1006FF0EC /* Release */,
			);
			defaultConfigurationIsVisible = 0;
			defaultConfigurationName = Release;
		};
		A7EAC60B2E295DD1006FF0EC /* Build configuration list for PBXNativeTarget "BirthdaysUITests" */ = {
			isa = XCConfigurationList;
			buildConfigurations = (
				A7EAC60C2E295DD1006FF0EC /* Debug */,
				A7EAC60D2E295DD1006FF0EC /* Release */,
			);
			defaultConfigurationIsVisible = 0;
			defaultConfigurationName = Release;
		};
/* End XCConfigurationList section */
	};
	rootObject = A7EAC5D92E295DCD006FF0EC /* Project object */;
}
